// !$*UTF8*$!
{
	archiveVersion = 1;
	classes = {
	};
	objectVersion = 50;
	objects = {

/* Begin PBXBuildFile section */
		049791E321870D2D00163DDA /* FGPHeartHomeModel.swift in Sources */ = {isa = PBXBuildFile; fileRef = 049791E021870D2D00163DDA /* FGPHeartHomeModel.swift */; };
		049791E421870D2D00163DDA /* FGPHeartHomeView.swift in Sources */ = {isa = PBXBuildFile; fileRef = 049791E221870D2D00163DDA /* FGPHeartHomeView.swift */; };
		3509B6C021819E5C00ABEE88 /* FGPPublishViewController.swift in Sources */ = {isa = PBXBuildFile; fileRef = 3509B6BF21819E5C00ABEE88 /* FGPPublishViewController.swift */; };
		350D88B221340F9C008CD38B /* CommitView.swift in Sources */ = {isa = PBXBuildFile; fileRef = 350D88B121340F9C008CD38B /* CommitView.swift */; };
		350D88B52134D776008CD38B /* MagiNotice.swift in Sources */ = {isa = PBXBuildFile; fileRef = 350D88B42134D776008CD38B /* MagiNotice.swift */; };
		3543F7AE2133901F00B9B962 /* FGPCommunotyModel.swift in Sources */ = {isa = PBXBuildFile; fileRef = 3543F7AD2133901F00B9B962 /* FGPCommunotyModel.swift */; };
		3543F7B12133913000B9B962 /* FGPConmunityCell.swift in Sources */ = {isa = PBXBuildFile; fileRef = 3543F7B02133913000B9B962 /* FGPConmunityCell.swift */; };
		3593E1E32134F1D3008240C5 /* CommitViewItem.swift in Sources */ = {isa = PBXBuildFile; fileRef = 3593E1E22134F1D3008240C5 /* CommitViewItem.swift */; };
		3593E23921369911008240C5 /* MagiFPSLabel.swift in Sources */ = {isa = PBXBuildFile; fileRef = 3593E23821369911008240C5 /* MagiFPSLabel.swift */; };
		35EF54B92189A09D00F65EC2 /* Photos.plist in Resources */ = {isa = PBXBuildFile; fileRef = 35EF54B82189A09D00F65EC2 /* Photos.plist */; };
		35EF54BB2189A11C00F65EC2 /* ResourceModel.swift in Sources */ = {isa = PBXBuildFile; fileRef = 35EF54BA2189A11C00F65EC2 /* ResourceModel.swift */; };
		6521DC752135374500D5EAA4 /* QUButton.swift in Sources */ = {isa = PBXBuildFile; fileRef = 6521DC742135374500D5EAA4 /* QUButton.swift */; };
		6521DC772136499700D5EAA4 /* FGPMyInfoViewController.swift in Sources */ = {isa = PBXBuildFile; fileRef = 6521DC762136499700D5EAA4 /* FGPMyInfoViewController.swift */; };
		6521DC7D2136822A00D5EAA4 /* nav_back@3x.png in Resources */ = {isa = PBXBuildFile; fileRef = 6521DC792136822A00D5EAA4 /* nav_back@3x.png */; };
		6521DC7E2136822A00D5EAA4 /* nav_back@2x.png in Resources */ = {isa = PBXBuildFile; fileRef = 6521DC7A2136822A00D5EAA4 /* nav_back@2x.png */; };
		6521DC7F2136822A00D5EAA4 /* nav_back2@2x.png in Resources */ = {isa = PBXBuildFile; fileRef = 6521DC7B2136822A00D5EAA4 /* nav_back2@2x.png */; };
		6521DC802136822A00D5EAA4 /* nav_back2@3x.png in Resources */ = {isa = PBXBuildFile; fileRef = 6521DC7C2136822A00D5EAA4 /* nav_back2@3x.png */; };
		65490A45213941D6008D2371 /* QUPwdWindowDelegate.swift in Sources */ = {isa = PBXBuildFile; fileRef = 65490A44213941D6008D2371 /* QUPwdWindowDelegate.swift */; };
		65AE1DB92132535B00ABA207 /* AppDelegate.swift in Sources */ = {isa = PBXBuildFile; fileRef = 65AE1DB82132535B00ABA207 /* AppDelegate.swift */; };
		65AE1DC02132535C00ABA207 /* Assets.xcassets in Resources */ = {isa = PBXBuildFile; fileRef = 65AE1DBF2132535C00ABA207 /* Assets.xcassets */; };
		65AE1DDE2132568300ABA207 /* FGPHeartViewController.swift in Sources */ = {isa = PBXBuildFile; fileRef = 65AE1DDD2132568300ABA207 /* FGPHeartViewController.swift */; };
		65AE1DE02132569200ABA207 /* FGPMessageViewController.swift in Sources */ = {isa = PBXBuildFile; fileRef = 65AE1DDF2132569200ABA207 /* FGPMessageViewController.swift */; };
		65AE1DE2213256A300ABA207 /* FGPConmunityViewController.swift in Sources */ = {isa = PBXBuildFile; fileRef = 65AE1DE1213256A300ABA207 /* FGPConmunityViewController.swift */; };
		65AE1DE4213256B200ABA207 /* FGPMineViewController.swift in Sources */ = {isa = PBXBuildFile; fileRef = 65AE1DE3213256B200ABA207 /* FGPMineViewController.swift */; };
		65AE1DE6213257CE00ABA207 /* String+Extension.swift in Sources */ = {isa = PBXBuildFile; fileRef = 65AE1DE5213257CE00ABA207 /* String+Extension.swift */; };
		65AE1DE92132590200ABA207 /* MainTabBarViewController.swift in Sources */ = {isa = PBXBuildFile; fileRef = 65AE1DE82132590200ABA207 /* MainTabBarViewController.swift */; };
		65AE1DEB2132595900ABA207 /* MainTabBar.swift in Sources */ = {isa = PBXBuildFile; fileRef = 65AE1DEA2132595900ABA207 /* MainTabBar.swift */; };
		65AE1DED2132598100ABA207 /* BaseNavigationController.swift in Sources */ = {isa = PBXBuildFile; fileRef = 65AE1DEC2132598100ABA207 /* BaseNavigationController.swift */; };
		65AE1DEF21326D5F00ABA207 /* MainTabBarFile.json in Resources */ = {isa = PBXBuildFile; fileRef = 65AE1DEE21326D5F00ABA207 /* MainTabBarFile.json */; };
		65AE1DF221327E2500ABA207 /* tabbar_compose_icon_add_highlighted@2x.png in Resources */ = {isa = PBXBuildFile; fileRef = 65AE1DF021327E2500ABA207 /* tabbar_compose_icon_add_highlighted@2x.png */; };
		65AE1DF321327E2500ABA207 /* tabbar_compose_icon_add_highlighted@3x.png in Resources */ = {isa = PBXBuildFile; fileRef = 65AE1DF121327E2500ABA207 /* tabbar_compose_icon_add_highlighted@3x.png */; };
		65AE1DF621327E2E00ABA207 /* tabbar_compose_icon_add@2x.png in Resources */ = {isa = PBXBuildFile; fileRef = 65AE1DF421327E2E00ABA207 /* tabbar_compose_icon_add@2x.png */; };
		65AE1DF721327E2E00ABA207 /* tabbar_compose_icon_add@3x.png in Resources */ = {isa = PBXBuildFile; fileRef = 65AE1DF521327E2E00ABA207 /* tabbar_compose_icon_add@3x.png */; };
		65AE1DFA21327E5A00ABA207 /* tabbar_discover_selected@3x.png in Resources */ = {isa = PBXBuildFile; fileRef = 65AE1DF821327E5A00ABA207 /* tabbar_discover_selected@3x.png */; };
		65AE1DFB21327E5A00ABA207 /* tabbar_discover_selected@2x.png in Resources */ = {isa = PBXBuildFile; fileRef = 65AE1DF921327E5A00ABA207 /* tabbar_discover_selected@2x.png */; };
		65AE1DFE21327E7300ABA207 /* tabbar_discover@3x.png in Resources */ = {isa = PBXBuildFile; fileRef = 65AE1DFC21327E7300ABA207 /* tabbar_discover@3x.png */; };
		65AE1DFF21327E7300ABA207 /* tabbar_discover@2x.png in Resources */ = {isa = PBXBuildFile; fileRef = 65AE1DFD21327E7300ABA207 /* tabbar_discover@2x.png */; };
		65AE1E0221327E8500ABA207 /* tabbar_home_selected@3x.png in Resources */ = {isa = PBXBuildFile; fileRef = 65AE1E0021327E8500ABA207 /* tabbar_home_selected@3x.png */; };
		65AE1E0321327E8500ABA207 /* tabbar_home_selected@2x.png in Resources */ = {isa = PBXBuildFile; fileRef = 65AE1E0121327E8500ABA207 /* tabbar_home_selected@2x.png */; };
		65AE1E0621327E9500ABA207 /* tabbar_home@2x.png in Resources */ = {isa = PBXBuildFile; fileRef = 65AE1E0421327E9500ABA207 /* tabbar_home@2x.png */; };
		65AE1E0721327E9500ABA207 /* tabbar_home@3x.png in Resources */ = {isa = PBXBuildFile; fileRef = 65AE1E0521327E9500ABA207 /* tabbar_home@3x.png */; };
		65AE1E0A21327EA600ABA207 /* tabbar_message_center_selected@3x.png in Resources */ = {isa = PBXBuildFile; fileRef = 65AE1E0821327EA500ABA207 /* tabbar_message_center_selected@3x.png */; };
		65AE1E0B21327EA600ABA207 /* tabbar_message_center_selected@2x.png in Resources */ = {isa = PBXBuildFile; fileRef = 65AE1E0921327EA500ABA207 /* tabbar_message_center_selected@2x.png */; };
		65AE1E0E21327EB600ABA207 /* tabbar_message_center@2x.png in Resources */ = {isa = PBXBuildFile; fileRef = 65AE1E0C21327EB600ABA207 /* tabbar_message_center@2x.png */; };
		65AE1E0F21327EB600ABA207 /* tabbar_message_center@3x.png in Resources */ = {isa = PBXBuildFile; fileRef = 65AE1E0D21327EB600ABA207 /* tabbar_message_center@3x.png */; };
		65AE1E1221327EC600ABA207 /* tabbar_profile_selected@2x.png in Resources */ = {isa = PBXBuildFile; fileRef = 65AE1E1021327EC600ABA207 /* tabbar_profile_selected@2x.png */; };
		65AE1E1321327EC600ABA207 /* tabbar_profile_selected@3x.png in Resources */ = {isa = PBXBuildFile; fileRef = 65AE1E1121327EC600ABA207 /* tabbar_profile_selected@3x.png */; };
		65AE1E1621327ECF00ABA207 /* tabbar_profile@2x.png in Resources */ = {isa = PBXBuildFile; fileRef = 65AE1E1421327ECE00ABA207 /* tabbar_profile@2x.png */; };
		65AE1E1721327ECF00ABA207 /* tabbar_profile@3x.png in Resources */ = {isa = PBXBuildFile; fileRef = 65AE1E1521327ECF00ABA207 /* tabbar_profile@3x.png */; };
		65AE1E1C213280A900ABA207 /* FGPLoginViewController.swift in Sources */ = {isa = PBXBuildFile; fileRef = 65AE1E1B213280A900ABA207 /* FGPLoginViewController.swift */; };
		65AE1E1E213280D000ABA207 /* QUPwdWindow.swift in Sources */ = {isa = PBXBuildFile; fileRef = 65AE1E1D213280D000ABA207 /* QUPwdWindow.swift */; };
		65AE1E212132893B00ABA207 /* FGPMineProfileView.swift in Sources */ = {isa = PBXBuildFile; fileRef = 65AE1E202132893B00ABA207 /* FGPMineProfileView.swift */; };
		65AE1E232132895800ABA207 /* FGPMineProfile.swift in Sources */ = {isa = PBXBuildFile; fileRef = 65AE1E222132895800ABA207 /* FGPMineProfile.swift */; };
		65AE1E28213291AF00ABA207 /* MagiRegexHelper.swift in Sources */ = {isa = PBXBuildFile; fileRef = 65AE1E26213291AF00ABA207 /* MagiRegexHelper.swift */; };
		65AE1E29213291AF00ABA207 /* MagiHelper.swift in Sources */ = {isa = PBXBuildFile; fileRef = 65AE1E27213291AF00ABA207 /* MagiHelper.swift */; };
		65AE1E2E213292DC00ABA207 /* FGPMineDefine.swift in Sources */ = {isa = PBXBuildFile; fileRef = 65AE1E2D213292DC00ABA207 /* FGPMineDefine.swift */; };
		65AE1E392132946800ABA207 /* SegmentView.swift in Sources */ = {isa = PBXBuildFile; fileRef = 65AE1E312132945700ABA207 /* SegmentView.swift */; };
		65AE1E3A2132946800ABA207 /* SegmentStyle.swift in Sources */ = {isa = PBXBuildFile; fileRef = 65AE1E322132945700ABA207 /* SegmentStyle.swift */; };
		65AE1E3B2132946800ABA207 /* MagicPageView.swift in Sources */ = {isa = PBXBuildFile; fileRef = 65AE1E332132945700ABA207 /* MagicPageView.swift */; };
		65AE1E3C2132946800ABA207 /* MagicContentView.swift in Sources */ = {isa = PBXBuildFile; fileRef = 65AE1E342132945700ABA207 /* MagicContentView.swift */; };
		65AE1E3D2132946800ABA207 /* MagiDataCache.swift in Sources */ = {isa = PBXBuildFile; fileRef = 65AE1E362132945700ABA207 /* MagiDataCache.swift */; };
		65AE1E3E2132946800ABA207 /* MagiCycleView.swift in Sources */ = {isa = PBXBuildFile; fileRef = 65AE1E382132945700ABA207 /* MagiCycleView.swift */; };
		65AE1E4421329DB100ABA207 /* Color+Extension.swift in Sources */ = {isa = PBXBuildFile; fileRef = 65AE1E4121329DB100ABA207 /* Color+Extension.swift */; };
		65AE1E4521329DB100ABA207 /* UIButton+Extension.swift in Sources */ = {isa = PBXBuildFile; fileRef = 65AE1E4221329DB100ABA207 /* UIButton+Extension.swift */; };
		65AE1E4621329DB100ABA207 /* UIView+Extension.swift in Sources */ = {isa = PBXBuildFile; fileRef = 65AE1E4321329DB100ABA207 /* UIView+Extension.swift */; };
		65AE1E4C21329E0100ABA207 /* LaunchScreen.storyboard in Resources */ = {isa = PBXBuildFile; fileRef = 65AE1E4821329E0100ABA207 /* LaunchScreen.storyboard */; };
		65AE1E4D21329E0100ABA207 /* Main.storyboard in Resources */ = {isa = PBXBuildFile; fileRef = 65AE1E4A21329E0100ABA207 /* Main.storyboard */; };
		65AE1E4F21329EBD00ABA207 /* FGPDevice.swift in Sources */ = {isa = PBXBuildFile; fileRef = 65AE1E4E21329EBD00ABA207 /* FGPDevice.swift */; };
		65AE1E532133802000ABA207 /* index_user.png in Resources */ = {isa = PBXBuildFile; fileRef = 65AE1E522133802000ABA207 /* index_user.png */; };
		65AE1E55213381DA00ABA207 /* BaseViewController.swift in Sources */ = {isa = PBXBuildFile; fileRef = 65AE1E54213381DA00ABA207 /* BaseViewController.swift */; };
		65AE1E5A2133C4A400ABA207 /* BaseNavigationBar.swift in Sources */ = {isa = PBXBuildFile; fileRef = 65AE1E592133C4A400ABA207 /* BaseNavigationBar.swift */; };
		65AE1E5C2133C4D700ABA207 /* BaseBarButton.swift in Sources */ = {isa = PBXBuildFile; fileRef = 65AE1E5B2133C4D700ABA207 /* BaseBarButton.swift */; };
		65AE1E5F2133C98200ABA207 /* nav_setting@2x.png in Resources */ = {isa = PBXBuildFile; fileRef = 65AE1E5D2133C98200ABA207 /* nav_setting@2x.png */; };
		65AE1E602133C98200ABA207 /* nav_setting@3x.png in Resources */ = {isa = PBXBuildFile; fileRef = 65AE1E5E2133C98200ABA207 /* nav_setting@3x.png */; };
		65AE1E622133FA3100ABA207 /* item_head.jpg in Resources */ = {isa = PBXBuildFile; fileRef = 65AE1E612133FA3100ABA207 /* item_head.jpg */; };
		65AE1E652133FF0500ABA207 /* icon_female.png in Resources */ = {isa = PBXBuildFile; fileRef = 65AE1E632133FF0400ABA207 /* icon_female.png */; };
		65AE1E662133FF0500ABA207 /* icon_male.png in Resources */ = {isa = PBXBuildFile; fileRef = 65AE1E642133FF0400ABA207 /* icon_male.png */; };
		65D7C41F213D327C00FB0995 /* UserInfoManager.swift in Sources */ = {isa = PBXBuildFile; fileRef = 65D7C41E213D327C00FB0995 /* UserInfoManager.swift */; };
		65D7C421213D336800FB0995 /* UserInfoModel.swift in Sources */ = {isa = PBXBuildFile; fileRef = 65D7C420213D336800FB0995 /* UserInfoModel.swift */; };
		AE63C15D39FEB06588BA1C21 /* Pods_FGP.framework in Frameworks */ = {isa = PBXBuildFile; fileRef = A90FFEE8196B3001BAFF1260 /* Pods_FGP.framework */; };
		FAB41CCB2238CBF30015FE34 /* testLabel.swift in Sources */ = {isa = PBXBuildFile; fileRef = FAB41CCA2238CBF30015FE34 /* testLabel.swift */; };
		FAB41CCD2238D37A0015FE34 /* KJFPSLabel.swift in Sources */ = {isa = PBXBuildFile; fileRef = FAB41CCC2238D37A0015FE34 /* KJFPSLabel.swift */; };
		FAC9507221399831005DD27B /* UserBestView.swift in Sources */ = {isa = PBXBuildFile; fileRef = FAC9507121399831005DD27B /* UserBestView.swift */; };
/* End PBXBuildFile section */

/* Begin PBXFileReference section */
		033C8B090495FB9656B83331 /* Pods-FGP.debug.xcconfig */ = {isa = PBXFileReference; includeInIndex = 1; lastKnownFileType = text.xcconfig; name = "Pods-FGP.debug.xcconfig"; path = "Pods/Target Support Files/Pods-FGP/Pods-FGP.debug.xcconfig"; sourceTree = "<group>"; };
		049791E021870D2D00163DDA /* FGPHeartHomeModel.swift */ = {isa = PBXFileReference; fileEncoding = 4; lastKnownFileType = sourcecode.swift; path = FGPHeartHomeModel.swift; sourceTree = "<group>"; };
		049791E221870D2D00163DDA /* FGPHeartHomeView.swift */ = {isa = PBXFileReference; fileEncoding = 4; lastKnownFileType = sourcecode.swift; path = FGPHeartHomeView.swift; sourceTree = "<group>"; };
		3509B6BF21819E5C00ABEE88 /* FGPPublishViewController.swift */ = {isa = PBXFileReference; lastKnownFileType = sourcecode.swift; path = FGPPublishViewController.swift; sourceTree = "<group>"; };
		350D88B121340F9C008CD38B /* CommitView.swift */ = {isa = PBXFileReference; lastKnownFileType = sourcecode.swift; path = CommitView.swift; sourceTree = "<group>"; };
		350D88B42134D776008CD38B /* MagiNotice.swift */ = {isa = PBXFileReference; fileEncoding = 4; lastKnownFileType = sourcecode.swift; path = MagiNotice.swift; sourceTree = "<group>"; };
		3543F7AD2133901F00B9B962 /* FGPCommunotyModel.swift */ = {isa = PBXFileReference; lastKnownFileType = sourcecode.swift; path = FGPCommunotyModel.swift; sourceTree = "<group>"; };
		3543F7B02133913000B9B962 /* FGPConmunityCell.swift */ = {isa = PBXFileReference; lastKnownFileType = sourcecode.swift; path = FGPConmunityCell.swift; sourceTree = "<group>"; };
		3593E1E22134F1D3008240C5 /* CommitViewItem.swift */ = {isa = PBXFileReference; lastKnownFileType = sourcecode.swift; path = CommitViewItem.swift; sourceTree = "<group>"; };
		3593E23821369911008240C5 /* MagiFPSLabel.swift */ = {isa = PBXFileReference; lastKnownFileType = sourcecode.swift; path = MagiFPSLabel.swift; sourceTree = "<group>"; };
		35EF54B82189A09D00F65EC2 /* Photos.plist */ = {isa = PBXFileReference; fileEncoding = 4; lastKnownFileType = text.plist.xml; path = Photos.plist; sourceTree = "<group>"; };
		35EF54BA2189A11C00F65EC2 /* ResourceModel.swift */ = {isa = PBXFileReference; fileEncoding = 4; lastKnownFileType = sourcecode.swift; path = ResourceModel.swift; sourceTree = "<group>"; };
		57E76184C96B675E1D1B3CC1 /* Pods-FGP.release.xcconfig */ = {isa = PBXFileReference; includeInIndex = 1; lastKnownFileType = text.xcconfig; name = "Pods-FGP.release.xcconfig"; path = "Pods/Target Support Files/Pods-FGP/Pods-FGP.release.xcconfig"; sourceTree = "<group>"; };
		6521DC742135374500D5EAA4 /* QUButton.swift */ = {isa = PBXFileReference; lastKnownFileType = sourcecode.swift; path = QUButton.swift; sourceTree = "<group>"; };
		6521DC762136499700D5EAA4 /* FGPMyInfoViewController.swift */ = {isa = PBXFileReference; lastKnownFileType = sourcecode.swift; path = FGPMyInfoViewController.swift; sourceTree = "<group>"; };
		6521DC792136822A00D5EAA4 /* nav_back@3x.png */ = {isa = PBXFileReference; lastKnownFileType = image.png; path = "nav_back@3x.png"; sourceTree = "<group>"; };
		6521DC7A2136822A00D5EAA4 /* nav_back@2x.png */ = {isa = PBXFileReference; lastKnownFileType = image.png; path = "nav_back@2x.png"; sourceTree = "<group>"; };
		6521DC7B2136822A00D5EAA4 /* nav_back2@2x.png */ = {isa = PBXFileReference; lastKnownFileType = image.png; path = "nav_back2@2x.png"; sourceTree = "<group>"; };
		6521DC7C2136822A00D5EAA4 /* nav_back2@3x.png */ = {isa = PBXFileReference; lastKnownFileType = image.png; path = "nav_back2@3x.png"; sourceTree = "<group>"; };
		65490A44213941D6008D2371 /* QUPwdWindowDelegate.swift */ = {isa = PBXFileReference; lastKnownFileType = sourcecode.swift; path = QUPwdWindowDelegate.swift; sourceTree = "<group>"; };
		65AE1DB52132535B00ABA207 /* FGP.app */ = {isa = PBXFileReference; explicitFileType = wrapper.application; includeInIndex = 0; path = FGP.app; sourceTree = BUILT_PRODUCTS_DIR; };
		65AE1DB82132535B00ABA207 /* AppDelegate.swift */ = {isa = PBXFileReference; lastKnownFileType = sourcecode.swift; path = AppDelegate.swift; sourceTree = "<group>"; };
		65AE1DBF2132535C00ABA207 /* Assets.xcassets */ = {isa = PBXFileReference; lastKnownFileType = folder.assetcatalog; path = Assets.xcassets; sourceTree = "<group>"; };
		65AE1DDD2132568300ABA207 /* FGPHeartViewController.swift */ = {isa = PBXFileReference; lastKnownFileType = sourcecode.swift; path = FGPHeartViewController.swift; sourceTree = "<group>"; };
		65AE1DDF2132569200ABA207 /* FGPMessageViewController.swift */ = {isa = PBXFileReference; lastKnownFileType = sourcecode.swift; path = FGPMessageViewController.swift; sourceTree = "<group>"; };
		65AE1DE1213256A300ABA207 /* FGPConmunityViewController.swift */ = {isa = PBXFileReference; lastKnownFileType = sourcecode.swift; path = FGPConmunityViewController.swift; sourceTree = "<group>"; };
		65AE1DE3213256B200ABA207 /* FGPMineViewController.swift */ = {isa = PBXFileReference; lastKnownFileType = sourcecode.swift; path = FGPMineViewController.swift; sourceTree = "<group>"; };
		65AE1DE5213257CE00ABA207 /* String+Extension.swift */ = {isa = PBXFileReference; lastKnownFileType = sourcecode.swift; path = "String+Extension.swift"; sourceTree = "<group>"; };
		65AE1DE82132590200ABA207 /* MainTabBarViewController.swift */ = {isa = PBXFileReference; lastKnownFileType = sourcecode.swift; path = MainTabBarViewController.swift; sourceTree = "<group>"; };
		65AE1DEA2132595900ABA207 /* MainTabBar.swift */ = {isa = PBXFileReference; lastKnownFileType = sourcecode.swift; path = MainTabBar.swift; sourceTree = "<group>"; };
		65AE1DEC2132598100ABA207 /* BaseNavigationController.swift */ = {isa = PBXFileReference; lastKnownFileType = sourcecode.swift; path = BaseNavigationController.swift; sourceTree = "<group>"; };
		65AE1DEE21326D5F00ABA207 /* MainTabBarFile.json */ = {isa = PBXFileReference; lastKnownFileType = text.json; path = MainTabBarFile.json; sourceTree = "<group>"; };
		65AE1DF021327E2500ABA207 /* tabbar_compose_icon_add_highlighted@2x.png */ = {isa = PBXFileReference; lastKnownFileType = image.png; path = "tabbar_compose_icon_add_highlighted@2x.png"; sourceTree = "<group>"; };
		65AE1DF121327E2500ABA207 /* tabbar_compose_icon_add_highlighted@3x.png */ = {isa = PBXFileReference; lastKnownFileType = image.png; path = "tabbar_compose_icon_add_highlighted@3x.png"; sourceTree = "<group>"; };
		65AE1DF421327E2E00ABA207 /* tabbar_compose_icon_add@2x.png */ = {isa = PBXFileReference; lastKnownFileType = image.png; path = "tabbar_compose_icon_add@2x.png"; sourceTree = "<group>"; };
		65AE1DF521327E2E00ABA207 /* tabbar_compose_icon_add@3x.png */ = {isa = PBXFileReference; lastKnownFileType = image.png; path = "tabbar_compose_icon_add@3x.png"; sourceTree = "<group>"; };
		65AE1DF821327E5A00ABA207 /* tabbar_discover_selected@3x.png */ = {isa = PBXFileReference; lastKnownFileType = image.png; path = "tabbar_discover_selected@3x.png"; sourceTree = "<group>"; };
		65AE1DF921327E5A00ABA207 /* tabbar_discover_selected@2x.png */ = {isa = PBXFileReference; lastKnownFileType = image.png; path = "tabbar_discover_selected@2x.png"; sourceTree = "<group>"; };
		65AE1DFC21327E7300ABA207 /* tabbar_discover@3x.png */ = {isa = PBXFileReference; lastKnownFileType = image.png; path = "tabbar_discover@3x.png"; sourceTree = "<group>"; };
		65AE1DFD21327E7300ABA207 /* tabbar_discover@2x.png */ = {isa = PBXFileReference; lastKnownFileType = image.png; path = "tabbar_discover@2x.png"; sourceTree = "<group>"; };
		65AE1E0021327E8500ABA207 /* tabbar_home_selected@3x.png */ = {isa = PBXFileReference; lastKnownFileType = image.png; path = "tabbar_home_selected@3x.png"; sourceTree = "<group>"; };
		65AE1E0121327E8500ABA207 /* tabbar_home_selected@2x.png */ = {isa = PBXFileReference; lastKnownFileType = image.png; path = "tabbar_home_selected@2x.png"; sourceTree = "<group>"; };
		65AE1E0421327E9500ABA207 /* tabbar_home@2x.png */ = {isa = PBXFileReference; lastKnownFileType = image.png; path = "tabbar_home@2x.png"; sourceTree = "<group>"; };
		65AE1E0521327E9500ABA207 /* tabbar_home@3x.png */ = {isa = PBXFileReference; lastKnownFileType = image.png; path = "tabbar_home@3x.png"; sourceTree = "<group>"; };
		65AE1E0821327EA500ABA207 /* tabbar_message_center_selected@3x.png */ = {isa = PBXFileReference; lastKnownFileType = image.png; path = "tabbar_message_center_selected@3x.png"; sourceTree = "<group>"; };
		65AE1E0921327EA500ABA207 /* tabbar_message_center_selected@2x.png */ = {isa = PBXFileReference; lastKnownFileType = image.png; path = "tabbar_message_center_selected@2x.png"; sourceTree = "<group>"; };
		65AE1E0C21327EB600ABA207 /* tabbar_message_center@2x.png */ = {isa = PBXFileReference; lastKnownFileType = image.png; path = "tabbar_message_center@2x.png"; sourceTree = "<group>"; };
		65AE1E0D21327EB600ABA207 /* tabbar_message_center@3x.png */ = {isa = PBXFileReference; lastKnownFileType = image.png; path = "tabbar_message_center@3x.png"; sourceTree = "<group>"; };
		65AE1E1021327EC600ABA207 /* tabbar_profile_selected@2x.png */ = {isa = PBXFileReference; lastKnownFileType = image.png; path = "tabbar_profile_selected@2x.png"; sourceTree = "<group>"; };
		65AE1E1121327EC600ABA207 /* tabbar_profile_selected@3x.png */ = {isa = PBXFileReference; lastKnownFileType = image.png; path = "tabbar_profile_selected@3x.png"; sourceTree = "<group>"; };
		65AE1E1421327ECE00ABA207 /* tabbar_profile@2x.png */ = {isa = PBXFileReference; lastKnownFileType = image.png; path = "tabbar_profile@2x.png"; sourceTree = "<group>"; };
		65AE1E1521327ECF00ABA207 /* tabbar_profile@3x.png */ = {isa = PBXFileReference; lastKnownFileType = image.png; path = "tabbar_profile@3x.png"; sourceTree = "<group>"; };
		65AE1E1B213280A900ABA207 /* FGPLoginViewController.swift */ = {isa = PBXFileReference; lastKnownFileType = sourcecode.swift; path = FGPLoginViewController.swift; sourceTree = "<group>"; };
		65AE1E1D213280D000ABA207 /* QUPwdWindow.swift */ = {isa = PBXFileReference; lastKnownFileType = sourcecode.swift; path = QUPwdWindow.swift; sourceTree = "<group>"; };
		65AE1E1F2132812F00ABA207 /* FindGroupProject.pch */ = {isa = PBXFileReference; lastKnownFileType = sourcecode.c.h; path = FindGroupProject.pch; sourceTree = "<group>"; };
		65AE1E202132893B00ABA207 /* FGPMineProfileView.swift */ = {isa = PBXFileReference; lastKnownFileType = sourcecode.swift; path = FGPMineProfileView.swift; sourceTree = "<group>"; };
		65AE1E222132895800ABA207 /* FGPMineProfile.swift */ = {isa = PBXFileReference; lastKnownFileType = sourcecode.swift; path = FGPMineProfile.swift; sourceTree = "<group>"; };
		65AE1E26213291AF00ABA207 /* MagiRegexHelper.swift */ = {isa = PBXFileReference; fileEncoding = 4; lastKnownFileType = sourcecode.swift; path = MagiRegexHelper.swift; sourceTree = "<group>"; };
		65AE1E27213291AF00ABA207 /* MagiHelper.swift */ = {isa = PBXFileReference; fileEncoding = 4; lastKnownFileType = sourcecode.swift; path = MagiHelper.swift; sourceTree = "<group>"; };
		65AE1E2D213292DC00ABA207 /* FGPMineDefine.swift */ = {isa = PBXFileReference; lastKnownFileType = sourcecode.swift; path = FGPMineDefine.swift; sourceTree = "<group>"; };
		65AE1E312132945700ABA207 /* SegmentView.swift */ = {isa = PBXFileReference; fileEncoding = 4; lastKnownFileType = sourcecode.swift; path = SegmentView.swift; sourceTree = "<group>"; };
		65AE1E322132945700ABA207 /* SegmentStyle.swift */ = {isa = PBXFileReference; fileEncoding = 4; lastKnownFileType = sourcecode.swift; path = SegmentStyle.swift; sourceTree = "<group>"; };
		65AE1E332132945700ABA207 /* MagicPageView.swift */ = {isa = PBXFileReference; fileEncoding = 4; lastKnownFileType = sourcecode.swift; path = MagicPageView.swift; sourceTree = "<group>"; };
		65AE1E342132945700ABA207 /* MagicContentView.swift */ = {isa = PBXFileReference; fileEncoding = 4; lastKnownFileType = sourcecode.swift; path = MagicContentView.swift; sourceTree = "<group>"; };
		65AE1E362132945700ABA207 /* MagiDataCache.swift */ = {isa = PBXFileReference; fileEncoding = 4; lastKnownFileType = sourcecode.swift; path = MagiDataCache.swift; sourceTree = "<group>"; };
		65AE1E382132945700ABA207 /* MagiCycleView.swift */ = {isa = PBXFileReference; fileEncoding = 4; lastKnownFileType = sourcecode.swift; path = MagiCycleView.swift; sourceTree = "<group>"; };
		65AE1E402132952700ABA207 /* FGP-Bridging-Header.h */ = {isa = PBXFileReference; fileEncoding = 4; lastKnownFileType = sourcecode.c.h; path = "FGP-Bridging-Header.h"; sourceTree = "<group>"; };
		65AE1E4121329DB100ABA207 /* Color+Extension.swift */ = {isa = PBXFileReference; fileEncoding = 4; lastKnownFileType = sourcecode.swift; path = "Color+Extension.swift"; sourceTree = "<group>"; };
		65AE1E4221329DB100ABA207 /* UIButton+Extension.swift */ = {isa = PBXFileReference; fileEncoding = 4; lastKnownFileType = sourcecode.swift; path = "UIButton+Extension.swift"; sourceTree = "<group>"; };
		65AE1E4321329DB100ABA207 /* UIView+Extension.swift */ = {isa = PBXFileReference; fileEncoding = 4; lastKnownFileType = sourcecode.swift; path = "UIView+Extension.swift"; sourceTree = "<group>"; };
		65AE1E4921329E0100ABA207 /* Base */ = {isa = PBXFileReference; lastKnownFileType = file.storyboard; name = Base; path = Base.lproj/LaunchScreen.storyboard; sourceTree = "<group>"; };
		65AE1E4B21329E0100ABA207 /* Base */ = {isa = PBXFileReference; lastKnownFileType = file.storyboard; name = Base; path = Base.lproj/Main.storyboard; sourceTree = "<group>"; };
		65AE1E4E21329EBD00ABA207 /* FGPDevice.swift */ = {isa = PBXFileReference; fileEncoding = 4; lastKnownFileType = sourcecode.swift; path = FGPDevice.swift; sourceTree = "<group>"; };
		65AE1E522133802000ABA207 /* index_user.png */ = {isa = PBXFileReference; lastKnownFileType = image.png; path = index_user.png; sourceTree = "<group>"; };
		65AE1E54213381DA00ABA207 /* BaseViewController.swift */ = {isa = PBXFileReference; lastKnownFileType = sourcecode.swift; path = BaseViewController.swift; sourceTree = "<group>"; };
		65AE1E562133A7A000ABA207 /* FGP.entitlements */ = {isa = PBXFileReference; lastKnownFileType = text.plist.entitlements; path = FGP.entitlements; sourceTree = "<group>"; };
		65AE1E592133C4A400ABA207 /* BaseNavigationBar.swift */ = {isa = PBXFileReference; lastKnownFileType = sourcecode.swift; path = BaseNavigationBar.swift; sourceTree = "<group>"; };
		65AE1E5B2133C4D700ABA207 /* BaseBarButton.swift */ = {isa = PBXFileReference; lastKnownFileType = sourcecode.swift; path = BaseBarButton.swift; sourceTree = "<group>"; };
		65AE1E5D2133C98200ABA207 /* nav_setting@2x.png */ = {isa = PBXFileReference; lastKnownFileType = image.png; path = "nav_setting@2x.png"; sourceTree = "<group>"; };
		65AE1E5E2133C98200ABA207 /* nav_setting@3x.png */ = {isa = PBXFileReference; lastKnownFileType = image.png; path = "nav_setting@3x.png"; sourceTree = "<group>"; };
		65AE1E612133FA3100ABA207 /* item_head.jpg */ = {isa = PBXFileReference; lastKnownFileType = image.jpeg; path = item_head.jpg; sourceTree = "<group>"; };
		65AE1E632133FF0400ABA207 /* icon_female.png */ = {isa = PBXFileReference; lastKnownFileType = image.png; path = icon_female.png; sourceTree = "<group>"; };
		65AE1E642133FF0400ABA207 /* icon_male.png */ = {isa = PBXFileReference; lastKnownFileType = image.png; path = icon_male.png; sourceTree = "<group>"; };
		65D7C41E213D327C00FB0995 /* UserInfoManager.swift */ = {isa = PBXFileReference; lastKnownFileType = sourcecode.swift; path = UserInfoManager.swift; sourceTree = "<group>"; };
		65D7C420213D336800FB0995 /* UserInfoModel.swift */ = {isa = PBXFileReference; lastKnownFileType = sourcecode.swift; path = UserInfoModel.swift; sourceTree = "<group>"; };
		A90FFEE8196B3001BAFF1260 /* Pods_FGP.framework */ = {isa = PBXFileReference; explicitFileType = wrapper.framework; includeInIndex = 0; path = Pods_FGP.framework; sourceTree = BUILT_PRODUCTS_DIR; };
		FA9E68FF21329718000FD15F /* Info.plist */ = {isa = PBXFileReference; fileEncoding = 4; lastKnownFileType = text.plist.xml; path = Info.plist; sourceTree = "<group>"; };
		FAB41CCA2238CBF30015FE34 /* testLabel.swift */ = {isa = PBXFileReference; lastKnownFileType = sourcecode.swift; path = testLabel.swift; sourceTree = "<group>"; };
		FAB41CCC2238D37A0015FE34 /* KJFPSLabel.swift */ = {isa = PBXFileReference; fileEncoding = 4; lastKnownFileType = sourcecode.swift; path = KJFPSLabel.swift; sourceTree = "<group>"; };
		FAC9507121399831005DD27B /* UserBestView.swift */ = {isa = PBXFileReference; lastKnownFileType = sourcecode.swift; path = UserBestView.swift; sourceTree = "<group>"; };
/* End PBXFileReference section */

/* Begin PBXFrameworksBuildPhase section */
		65AE1DB22132535B00ABA207 /* Frameworks */ = {
			isa = PBXFrameworksBuildPhase;
			buildActionMask = 2147483647;
			files = (
				AE63C15D39FEB06588BA1C21 /* Pods_FGP.framework in Frameworks */,
			);
			runOnlyForDeploymentPostprocessing = 0;
		};
/* End PBXFrameworksBuildPhase section */

/* Begin PBXGroup section */
		049791DF21870D2D00163DDA /* Model */ = {
			isa = PBXGroup;
			children = (
				049791E021870D2D00163DDA /* FGPHeartHomeModel.swift */,
			);
			path = Model;
			sourceTree = "<group>";
		};
		049791E121870D2D00163DDA /* View */ = {
			isa = PBXGroup;
			children = (
				049791E221870D2D00163DDA /* FGPHeartHomeView.swift */,
			);
			path = View;
			sourceTree = "<group>";
		};
		350D88B021340EDF008CD38B /* View */ = {
			isa = PBXGroup;
			children = (
				350D88B121340F9C008CD38B /* CommitView.swift */,
				3593E1E22134F1D3008240C5 /* CommitViewItem.swift */,
				FAC9507121399831005DD27B /* UserBestView.swift */,
			);
			path = View;
			sourceTree = "<group>";
		};
		350D88B32134D765008CD38B /* Notice */ = {
			isa = PBXGroup;
			children = (
				350D88B42134D776008CD38B /* MagiNotice.swift */,
			);
			path = Notice;
			sourceTree = "<group>";
		};
		3543F7AB21338F9C00B9B962 /* Models */ = {
			isa = PBXGroup;
			children = (
				3543F7AD2133901F00B9B962 /* FGPCommunotyModel.swift */,
			);
			path = Models;
			sourceTree = "<group>";
		};
		3543F7AC21338FA800B9B962 /* Views */ = {
			isa = PBXGroup;
			children = (
				350D88B021340EDF008CD38B /* View */,
				3543F7AF2133902700B9B962 /* Cell */,
			);
			path = Views;
			sourceTree = "<group>";
		};
		3543F7AF2133902700B9B962 /* Cell */ = {
			isa = PBXGroup;
			children = (
				3543F7B02133913000B9B962 /* FGPConmunityCell.swift */,
			);
			path = Cell;
			sourceTree = "<group>";
		};
		3593E237213698EC008240C5 /* FPSLabel */ = {
			isa = PBXGroup;
			children = (
				FAB41CCC2238D37A0015FE34 /* KJFPSLabel.swift */,
				3593E23821369911008240C5 /* MagiFPSLabel.swift */,
				FAB41CCA2238CBF30015FE34 /* testLabel.swift */,
			);
			path = FPSLabel;
			sourceTree = "<group>";
		};
		6521DC73213536CB00D5EAA4 /* QUButton */ = {
			isa = PBXGroup;
			children = (
				6521DC742135374500D5EAA4 /* QUButton.swift */,
			);
			path = QUButton;
			sourceTree = "<group>";
		};
		6521DC78213681E500D5EAA4 /* nav */ = {
			isa = PBXGroup;
			children = (
				6521DC7A2136822A00D5EAA4 /* nav_back@2x.png */,
				6521DC792136822A00D5EAA4 /* nav_back@3x.png */,
				6521DC7B2136822A00D5EAA4 /* nav_back2@2x.png */,
				6521DC7C2136822A00D5EAA4 /* nav_back2@3x.png */,
				65AE1E5D2133C98200ABA207 /* nav_setting@2x.png */,
				65AE1E5E2133C98200ABA207 /* nav_setting@3x.png */,
			);
			path = nav;
			sourceTree = "<group>";
		};
		65AE1DAC2132535B00ABA207 = {
			isa = PBXGroup;
			children = (
				65AE1DB72132535B00ABA207 /* FGP */,
				65AE1DB62132535B00ABA207 /* Products */,
				F981CD4B1687B026C4C1AE01 /* Pods */,
				DD5AD6901034CF4BDDDA6294 /* Frameworks */,
			);
			sourceTree = "<group>";
		};
		65AE1DB62132535B00ABA207 /* Products */ = {
			isa = PBXGroup;
			children = (
				65AE1DB52132535B00ABA207 /* FGP.app */,
			);
			name = Products;
			sourceTree = "<group>";
		};
		65AE1DB72132535B00ABA207 /* FGP */ = {
			isa = PBXGroup;
			children = (
				65AE1E562133A7A000ABA207 /* FGP.entitlements */,
				65AE1DCA2132549C00ABA207 /* Class */,
				65AE1DCB213254AB00ABA207 /* Extension */,
				65AE1E2F2132945700ABA207 /* Tool */,
				65AE1E25213291AF00ABA207 /* Service */,
				65AE1DCC213254B400ABA207 /* Resource */,
				FA9E68FE21329718000FD15F /* SupportingFiles */,
				65AE1E4721329E0100ABA207 /* Storyboards */,
				65AE1E1F2132812F00ABA207 /* FindGroupProject.pch */,
				65AE1E402132952700ABA207 /* FGP-Bridging-Header.h */,
				65AE1DB82132535B00ABA207 /* AppDelegate.swift */,
			);
			path = FGP;
			sourceTree = "<group>";
		};
		65AE1DCA2132549C00ABA207 /* Class */ = {
			isa = PBXGroup;
			children = (
				65AE1E182132804F00ABA207 /* Login */,
				65AE1DE7213258E200ABA207 /* Main */,
				65AE1DD02132551F00ABA207 /* Heart */,
				65AE1DCF2132551D00ABA207 /* Message */,
				65AE1DCE2132551B00ABA207 /* Conmunity */,
				65AE1DCD2132551600ABA207 /* Mine */,
			);
			path = Class;
			sourceTree = "<group>";
		};
		65AE1DCB213254AB00ABA207 /* Extension */ = {
			isa = PBXGroup;
			children = (
				65AE1E4121329DB100ABA207 /* Color+Extension.swift */,
				65AE1E4221329DB100ABA207 /* UIButton+Extension.swift */,
				65AE1E4321329DB100ABA207 /* UIView+Extension.swift */,
				65AE1DE5213257CE00ABA207 /* String+Extension.swift */,
			);
			path = Extension;
			sourceTree = "<group>";
		};
		65AE1DCC213254B400ABA207 /* Resource */ = {
			isa = PBXGroup;
			children = (
				35EF54B82189A09D00F65EC2 /* Photos.plist */,
				6521DC78213681E500D5EAA4 /* nav */,
				65AE1E632133FF0400ABA207 /* icon_female.png */,
				65AE1E642133FF0400ABA207 /* icon_male.png */,
				65AE1E612133FA3100ABA207 /* item_head.jpg */,
				65AE1E522133802000ABA207 /* index_user.png */,
				65AE1DF021327E2500ABA207 /* tabbar_compose_icon_add_highlighted@2x.png */,
				65AE1DF121327E2500ABA207 /* tabbar_compose_icon_add_highlighted@3x.png */,
				65AE1DF421327E2E00ABA207 /* tabbar_compose_icon_add@2x.png */,
				65AE1DF521327E2E00ABA207 /* tabbar_compose_icon_add@3x.png */,
				65AE1DFD21327E7300ABA207 /* tabbar_discover@2x.png */,
				65AE1DFC21327E7300ABA207 /* tabbar_discover@3x.png */,
				65AE1DF921327E5A00ABA207 /* tabbar_discover_selected@2x.png */,
				65AE1DF821327E5A00ABA207 /* tabbar_discover_selected@3x.png */,
				65AE1E0121327E8500ABA207 /* tabbar_home_selected@2x.png */,
				65AE1E0021327E8500ABA207 /* tabbar_home_selected@3x.png */,
				65AE1E0421327E9500ABA207 /* tabbar_home@2x.png */,
				65AE1E0521327E9500ABA207 /* tabbar_home@3x.png */,
				65AE1E0921327EA500ABA207 /* tabbar_message_center_selected@2x.png */,
				65AE1E0821327EA500ABA207 /* tabbar_message_center_selected@3x.png */,
				65AE1E0C21327EB600ABA207 /* tabbar_message_center@2x.png */,
				65AE1E0D21327EB600ABA207 /* tabbar_message_center@3x.png */,
				65AE1E1021327EC600ABA207 /* tabbar_profile_selected@2x.png */,
				65AE1E1121327EC600ABA207 /* tabbar_profile_selected@3x.png */,
				65AE1E1421327ECE00ABA207 /* tabbar_profile@2x.png */,
				65AE1E1521327ECF00ABA207 /* tabbar_profile@3x.png */,
				65AE1DBF2132535C00ABA207 /* Assets.xcassets */,
				65AE1DEE21326D5F00ABA207 /* MainTabBarFile.json */,
			);
			path = Resource;
			sourceTree = "<group>";
		};
		65AE1DCD2132551600ABA207 /* Mine */ = {
			isa = PBXGroup;
			children = (
				65AE1E2C213292C200ABA207 /* Services */,
				65AE1DDC2132560A00ABA207 /* View */,
				65AE1DDB2132560100ABA207 /* Model */,
				65AE1DDA213255F300ABA207 /* Controller */,
			);
			path = Mine;
			sourceTree = "<group>";
		};
		65AE1DCE2132551B00ABA207 /* Conmunity */ = {
			isa = PBXGroup;
			children = (
				3543F7AC21338FA800B9B962 /* Views */,
				3543F7AB21338F9C00B9B962 /* Models */,
				65AE1DD8213255D700ABA207 /* Controllers */,
			);
			path = Conmunity;
			sourceTree = "<group>";
		};
		65AE1DCF2132551D00ABA207 /* Message */ = {
			isa = PBXGroup;
			children = (
				65AE1DD42132559A00ABA207 /* Controller */,
			);
			path = Message;
			sourceTree = "<group>";
		};
		65AE1DD02132551F00ABA207 /* Heart */ = {
			isa = PBXGroup;
			children = (
				049791DF21870D2D00163DDA /* Model */,
				049791E121870D2D00163DDA /* View */,
				65AE1DD12132554F00ABA207 /* Controller */,
			);
			path = Heart;
			sourceTree = "<group>";
		};
		65AE1DD12132554F00ABA207 /* Controller */ = {
			isa = PBXGroup;
			children = (
				65AE1DDD2132568300ABA207 /* FGPHeartViewController.swift */,
			);
			path = Controller;
			sourceTree = "<group>";
		};
		65AE1DD42132559A00ABA207 /* Controller */ = {
			isa = PBXGroup;
			children = (
				65AE1DDF2132569200ABA207 /* FGPMessageViewController.swift */,
			);
			path = Controller;
			sourceTree = "<group>";
		};
		65AE1DD8213255D700ABA207 /* Controllers */ = {
			isa = PBXGroup;
			children = (
				35EF54BA2189A11C00F65EC2 /* ResourceModel.swift */,
				65AE1DE1213256A300ABA207 /* FGPConmunityViewController.swift */,
				3509B6BF21819E5C00ABEE88 /* FGPPublishViewController.swift */,
			);
			path = Controllers;
			sourceTree = "<group>";
		};
		65AE1DDA213255F300ABA207 /* Controller */ = {
			isa = PBXGroup;
			children = (
				65AE1DE3213256B200ABA207 /* FGPMineViewController.swift */,
				6521DC762136499700D5EAA4 /* FGPMyInfoViewController.swift */,
			);
			path = Controller;
			sourceTree = "<group>";
		};
		65AE1DDB2132560100ABA207 /* Model */ = {
			isa = PBXGroup;
			children = (
				65AE1E222132895800ABA207 /* FGPMineProfile.swift */,
			);
			path = Model;
			sourceTree = "<group>";
		};
		65AE1DDC2132560A00ABA207 /* View */ = {
			isa = PBXGroup;
			children = (
				65AE1E202132893B00ABA207 /* FGPMineProfileView.swift */,
			);
			path = View;
			sourceTree = "<group>";
		};
		65AE1DE7213258E200ABA207 /* Main */ = {
			isa = PBXGroup;
			children = (
				65AE1DE82132590200ABA207 /* MainTabBarViewController.swift */,
				65AE1DEA2132595900ABA207 /* MainTabBar.swift */,
				65AE1DEC2132598100ABA207 /* BaseNavigationController.swift */,
				65AE1E54213381DA00ABA207 /* BaseViewController.swift */,
				65AE1E592133C4A400ABA207 /* BaseNavigationBar.swift */,
				65AE1E5B2133C4D700ABA207 /* BaseBarButton.swift */,
			);
			path = Main;
			sourceTree = "<group>";
		};
		65AE1E182132804F00ABA207 /* Login */ = {
			isa = PBXGroup;
			children = (
				65D7C41D213D317D00FB0995 /* Manager */,
				65AE1E1A2132807900ABA207 /* PwdWindow */,
				65AE1E192132807000ABA207 /* Controller */,
			);
			path = Login;
			sourceTree = "<group>";
		};
		65AE1E192132807000ABA207 /* Controller */ = {
			isa = PBXGroup;
			children = (
				65AE1E1B213280A900ABA207 /* FGPLoginViewController.swift */,
			);
			path = Controller;
			sourceTree = "<group>";
		};
		65AE1E1A2132807900ABA207 /* PwdWindow */ = {
			isa = PBXGroup;
			children = (
				65AE1E1D213280D000ABA207 /* QUPwdWindow.swift */,
				65490A44213941D6008D2371 /* QUPwdWindowDelegate.swift */,
			);
			path = PwdWindow;
			sourceTree = "<group>";
		};
		65AE1E25213291AF00ABA207 /* Service */ = {
			isa = PBXGroup;
			children = (
				65AE1E4E21329EBD00ABA207 /* FGPDevice.swift */,
				65AE1E26213291AF00ABA207 /* MagiRegexHelper.swift */,
				65AE1E27213291AF00ABA207 /* MagiHelper.swift */,
			);
			path = Service;
			sourceTree = "<group>";
		};
		65AE1E2C213292C200ABA207 /* Services */ = {
			isa = PBXGroup;
			children = (
				65AE1E2D213292DC00ABA207 /* FGPMineDefine.swift */,
			);
			path = Services;
			sourceTree = "<group>";
		};
		65AE1E2F2132945700ABA207 /* Tool */ = {
			isa = PBXGroup;
			children = (
				3593E237213698EC008240C5 /* FPSLabel */,
				6521DC73213536CB00D5EAA4 /* QUButton */,
				350D88B32134D765008CD38B /* Notice */,
				65AE1E302132945700ABA207 /* PageView */,
				65AE1E352132945700ABA207 /* Cache */,
				65AE1E372132945700ABA207 /* Cycle */,
			);
			path = Tool;
			sourceTree = "<group>";
		};
		65AE1E302132945700ABA207 /* PageView */ = {
			isa = PBXGroup;
			children = (
				65AE1E312132945700ABA207 /* SegmentView.swift */,
				65AE1E322132945700ABA207 /* SegmentStyle.swift */,
				65AE1E332132945700ABA207 /* MagicPageView.swift */,
				65AE1E342132945700ABA207 /* MagicContentView.swift */,
			);
			path = PageView;
			sourceTree = "<group>";
		};
		65AE1E352132945700ABA207 /* Cache */ = {
			isa = PBXGroup;
			children = (
				65AE1E362132945700ABA207 /* MagiDataCache.swift */,
			);
			path = Cache;
			sourceTree = "<group>";
		};
		65AE1E372132945700ABA207 /* Cycle */ = {
			isa = PBXGroup;
			children = (
				65AE1E382132945700ABA207 /* MagiCycleView.swift */,
			);
			path = Cycle;
			sourceTree = "<group>";
		};
		65AE1E4721329E0100ABA207 /* Storyboards */ = {
			isa = PBXGroup;
			children = (
				65AE1E4821329E0100ABA207 /* LaunchScreen.storyboard */,
				65AE1E4A21329E0100ABA207 /* Main.storyboard */,
			);
			path = Storyboards;
			sourceTree = "<group>";
		};
		65D7C41D213D317D00FB0995 /* Manager */ = {
			isa = PBXGroup;
			children = (
				65D7C41E213D327C00FB0995 /* UserInfoManager.swift */,
				65D7C420213D336800FB0995 /* UserInfoModel.swift */,
			);
			path = Manager;
			sourceTree = "<group>";
		};
		DD5AD6901034CF4BDDDA6294 /* Frameworks */ = {
			isa = PBXGroup;
			children = (
				A90FFEE8196B3001BAFF1260 /* Pods_FGP.framework */,
			);
			name = Frameworks;
			sourceTree = "<group>";
		};
		F981CD4B1687B026C4C1AE01 /* Pods */ = {
			isa = PBXGroup;
			children = (
				033C8B090495FB9656B83331 /* Pods-FGP.debug.xcconfig */,
				57E76184C96B675E1D1B3CC1 /* Pods-FGP.release.xcconfig */,
			);
			name = Pods;
			sourceTree = "<group>";
		};
		FA9E68FE21329718000FD15F /* SupportingFiles */ = {
			isa = PBXGroup;
			children = (
				FA9E68FF21329718000FD15F /* Info.plist */,
			);
			path = SupportingFiles;
			sourceTree = "<group>";
		};
/* End PBXGroup section */

/* Begin PBXNativeTarget section */
		65AE1DB42132535B00ABA207 /* FGP */ = {
			isa = PBXNativeTarget;
			buildConfigurationList = 65AE1DC72132535C00ABA207 /* Build configuration list for PBXNativeTarget "FGP" */;
			buildPhases = (
				4865C2C260BA94546149C8E9 /* [CP] Check Pods Manifest.lock */,
				65AE1DB12132535B00ABA207 /* Sources */,
				65AE1DB22132535B00ABA207 /* Frameworks */,
				65AE1DB32132535B00ABA207 /* Resources */,
				BA34BFBCDE99CC36589D083A /* [CP] Embed Pods Frameworks */,
			);
			buildRules = (
			);
			dependencies = (
			);
			name = FGP;
			productName = FGP;
			productReference = 65AE1DB52132535B00ABA207 /* FGP.app */;
			productType = "com.apple.product-type.application";
		};
/* End PBXNativeTarget section */

/* Begin PBXProject section */
		65AE1DAD2132535B00ABA207 /* Project object */ = {
			isa = PBXProject;
			attributes = {
				LastSwiftUpdateCheck = 0940;
				LastUpgradeCheck = 0940;
				ORGANIZATIONNAME = BriceZhao;
				TargetAttributes = {
					65AE1DB42132535B00ABA207 = {
						CreatedOnToolsVersion = 9.4.1;
						SystemCapabilities = {
							com.apple.HealthKit = {
								enabled = 0;
							};
							com.apple.Push = {
								enabled = 0;
							};
						};
					};
				};
			};
			buildConfigurationList = 65AE1DB02132535B00ABA207 /* Build configuration list for PBXProject "FGP" */;
			compatibilityVersion = "Xcode 9.3";
			developmentRegion = en;
			hasScannedForEncodings = 0;
			knownRegions = (
				en,
				Base,
			);
			mainGroup = 65AE1DAC2132535B00ABA207;
			productRefGroup = 65AE1DB62132535B00ABA207 /* Products */;
			projectDirPath = "";
			projectRoot = "";
			targets = (
				65AE1DB42132535B00ABA207 /* FGP */,
			);
		};
/* End PBXProject section */

/* Begin PBXResourcesBuildPhase section */
		65AE1DB32132535B00ABA207 /* Resources */ = {
			isa = PBXResourcesBuildPhase;
			buildActionMask = 2147483647;
			files = (
				65AE1E602133C98200ABA207 /* nav_setting@3x.png in Resources */,
				6521DC7E2136822A00D5EAA4 /* nav_back@2x.png in Resources */,
				65AE1E1221327EC600ABA207 /* tabbar_profile_selected@2x.png in Resources */,
				65AE1E1621327ECF00ABA207 /* tabbar_profile@2x.png in Resources */,
				6521DC7F2136822A00D5EAA4 /* nav_back2@2x.png in Resources */,
				65AE1DC02132535C00ABA207 /* Assets.xcassets in Resources */,
				65AE1E4D21329E0100ABA207 /* Main.storyboard in Resources */,
				65AE1DF621327E2E00ABA207 /* tabbar_compose_icon_add@2x.png in Resources */,
				65AE1DF221327E2500ABA207 /* tabbar_compose_icon_add_highlighted@2x.png in Resources */,
				35EF54B92189A09D00F65EC2 /* Photos.plist in Resources */,
				65AE1E0721327E9500ABA207 /* tabbar_home@3x.png in Resources */,
				65AE1E1721327ECF00ABA207 /* tabbar_profile@3x.png in Resources */,
				65AE1E662133FF0500ABA207 /* icon_male.png in Resources */,
				65AE1E0621327E9500ABA207 /* tabbar_home@2x.png in Resources */,
				65AE1E0E21327EB600ABA207 /* tabbar_message_center@2x.png in Resources */,
				65AE1E4C21329E0100ABA207 /* LaunchScreen.storyboard in Resources */,
				65AE1E0221327E8500ABA207 /* tabbar_home_selected@3x.png in Resources */,
				65AE1DFF21327E7300ABA207 /* tabbar_discover@2x.png in Resources */,
				65AE1E0F21327EB600ABA207 /* tabbar_message_center@3x.png in Resources */,
				65AE1E652133FF0500ABA207 /* icon_female.png in Resources */,
				65AE1DF721327E2E00ABA207 /* tabbar_compose_icon_add@3x.png in Resources */,
				65AE1E622133FA3100ABA207 /* item_head.jpg in Resources */,
				6521DC802136822A00D5EAA4 /* nav_back2@3x.png in Resources */,
				65AE1DEF21326D5F00ABA207 /* MainTabBarFile.json in Resources */,
				65AE1E1321327EC600ABA207 /* tabbar_profile_selected@3x.png in Resources */,
				65AE1DFA21327E5A00ABA207 /* tabbar_discover_selected@3x.png in Resources */,
				6521DC7D2136822A00D5EAA4 /* nav_back@3x.png in Resources */,
				65AE1E0321327E8500ABA207 /* tabbar_home_selected@2x.png in Resources */,
				65AE1DFB21327E5A00ABA207 /* tabbar_discover_selected@2x.png in Resources */,
				65AE1E0B21327EA600ABA207 /* tabbar_message_center_selected@2x.png in Resources */,
				65AE1E5F2133C98200ABA207 /* nav_setting@2x.png in Resources */,
				65AE1E532133802000ABA207 /* index_user.png in Resources */,
				65AE1E0A21327EA600ABA207 /* tabbar_message_center_selected@3x.png in Resources */,
				65AE1DFE21327E7300ABA207 /* tabbar_discover@3x.png in Resources */,
				65AE1DF321327E2500ABA207 /* tabbar_compose_icon_add_highlighted@3x.png in Resources */,
			);
			runOnlyForDeploymentPostprocessing = 0;
		};
/* End PBXResourcesBuildPhase section */

/* Begin PBXShellScriptBuildPhase section */
		4865C2C260BA94546149C8E9 /* [CP] Check Pods Manifest.lock */ = {
			isa = PBXShellScriptBuildPhase;
			buildActionMask = 2147483647;
			files = (
			);
			inputPaths = (
				"${PODS_PODFILE_DIR_PATH}/Podfile.lock",
				"${PODS_ROOT}/Manifest.lock",
			);
			name = "[CP] Check Pods Manifest.lock";
			outputPaths = (
				"$(DERIVED_FILE_DIR)/Pods-FGP-checkManifestLockResult.txt",
			);
			runOnlyForDeploymentPostprocessing = 0;
			shellPath = /bin/sh;
			shellScript = "diff \"${PODS_PODFILE_DIR_PATH}/Podfile.lock\" \"${PODS_ROOT}/Manifest.lock\" > /dev/null\nif [ $? != 0 ] ; then\n    # print error to STDERR\n    echo \"error: The sandbox is not in sync with the Podfile.lock. Run 'pod install' or update your CocoaPods installation.\" >&2\n    exit 1\nfi\n# This output is used by Xcode 'outputs' to avoid re-running this script phase.\necho \"SUCCESS\" > \"${SCRIPT_OUTPUT_FILE_0}\"\n";
			showEnvVarsInLog = 0;
		};
		BA34BFBCDE99CC36589D083A /* [CP] Embed Pods Frameworks */ = {
			isa = PBXShellScriptBuildPhase;
			buildActionMask = 2147483647;
			files = (
			);
			inputPaths = (
				"${SRCROOT}/Pods/Target Support Files/Pods-FGP/Pods-FGP-frameworks.sh",
				"${BUILT_PRODUCTS_DIR}/Alamofire/Alamofire.framework",
				"${BUILT_PRODUCTS_DIR}/Kingfisher/Kingfisher.framework",
				"${BUILT_PRODUCTS_DIR}/KingfisherWebP/KingfisherWebP.framework",
				"${BUILT_PRODUCTS_DIR}/MagiPhotoBrowser/MagiPhotoBrowser.framework",
				"${BUILT_PRODUCTS_DIR}/MagiRefresh/MagiRefresh.framework",
				"${BUILT_PRODUCTS_DIR}/MagiTabBarController/MagiTabBarController.framework",
				"${BUILT_PRODUCTS_DIR}/Moya/Moya.framework",
				"${BUILT_PRODUCTS_DIR}/ObjectMapper/ObjectMapper.framework",
				"${BUILT_PRODUCTS_DIR}/PINCache/PINCache.framework",
				"${BUILT_PRODUCTS_DIR}/PINOperation/PINOperation.framework",
				"${BUILT_PRODUCTS_DIR}/PINRemoteImage/PINRemoteImage.framework",
				"${BUILT_PRODUCTS_DIR}/QuickCocoa/QuickCocoa.framework",
				"${BUILT_PRODUCTS_DIR}/Result/Result.framework",
				"${BUILT_PRODUCTS_DIR}/RxCocoa/RxCocoa.framework",
				"${BUILT_PRODUCTS_DIR}/RxSwift/RxSwift.framework",
				"${BUILT_PRODUCTS_DIR}/SnapKit/SnapKit.framework",
				"${BUILT_PRODUCTS_DIR}/Texture/AsyncDisplayKit.framework",
				"${BUILT_PRODUCTS_DIR}/libwebp/libwebp.framework",
			);
			name = "[CP] Embed Pods Frameworks";
			outputPaths = (
				"${TARGET_BUILD_DIR}/${FRAMEWORKS_FOLDER_PATH}/Alamofire.framework",
				"${TARGET_BUILD_DIR}/${FRAMEWORKS_FOLDER_PATH}/Kingfisher.framework",
				"${TARGET_BUILD_DIR}/${FRAMEWORKS_FOLDER_PATH}/KingfisherWebP.framework",
				"${TARGET_BUILD_DIR}/${FRAMEWORKS_FOLDER_PATH}/MagiPhotoBrowser.framework",
				"${TARGET_BUILD_DIR}/${FRAMEWORKS_FOLDER_PATH}/MagiRefresh.framework",
				"${TARGET_BUILD_DIR}/${FRAMEWORKS_FOLDER_PATH}/MagiTabBarController.framework",
				"${TARGET_BUILD_DIR}/${FRAMEWORKS_FOLDER_PATH}/Moya.framework",
				"${TARGET_BUILD_DIR}/${FRAMEWORKS_FOLDER_PATH}/ObjectMapper.framework",
				"${TARGET_BUILD_DIR}/${FRAMEWORKS_FOLDER_PATH}/PINCache.framework",
				"${TARGET_BUILD_DIR}/${FRAMEWORKS_FOLDER_PATH}/PINOperation.framework",
				"${TARGET_BUILD_DIR}/${FRAMEWORKS_FOLDER_PATH}/PINRemoteImage.framework",
				"${TARGET_BUILD_DIR}/${FRAMEWORKS_FOLDER_PATH}/QuickCocoa.framework",
				"${TARGET_BUILD_DIR}/${FRAMEWORKS_FOLDER_PATH}/Result.framework",
				"${TARGET_BUILD_DIR}/${FRAMEWORKS_FOLDER_PATH}/RxCocoa.framework",
				"${TARGET_BUILD_DIR}/${FRAMEWORKS_FOLDER_PATH}/RxSwift.framework",
				"${TARGET_BUILD_DIR}/${FRAMEWORKS_FOLDER_PATH}/SnapKit.framework",
				"${TARGET_BUILD_DIR}/${FRAMEWORKS_FOLDER_PATH}/AsyncDisplayKit.framework",
				"${TARGET_BUILD_DIR}/${FRAMEWORKS_FOLDER_PATH}/libwebp.framework",
			);
			runOnlyForDeploymentPostprocessing = 0;
			shellPath = /bin/sh;
			shellScript = "\"${SRCROOT}/Pods/Target Support Files/Pods-FGP/Pods-FGP-frameworks.sh\"\n";
			showEnvVarsInLog = 0;
		};
/* End PBXShellScriptBuildPhase section */

/* Begin PBXSourcesBuildPhase section */
		65AE1DB12132535B00ABA207 /* Sources */ = {
			isa = PBXSourcesBuildPhase;
			buildActionMask = 2147483647;
			files = (
				FAB41CCB2238CBF30015FE34 /* testLabel.swift in Sources */,
				3593E23921369911008240C5 /* MagiFPSLabel.swift in Sources */,
				65AE1DEB2132595900ABA207 /* MainTabBar.swift in Sources */,
				65AE1DDE2132568300ABA207 /* FGPHeartViewController.swift in Sources */,
				65AE1E1E213280D000ABA207 /* QUPwdWindow.swift in Sources */,
				65AE1DE92132590200ABA207 /* MainTabBarViewController.swift in Sources */,
				65AE1E212132893B00ABA207 /* FGPMineProfileView.swift in Sources */,
				3543F7AE2133901F00B9B962 /* FGPCommunotyModel.swift in Sources */,
				65AE1E55213381DA00ABA207 /* BaseViewController.swift in Sources */,
				65AE1E5A2133C4A400ABA207 /* BaseNavigationBar.swift in Sources */,
				65AE1E4521329DB100ABA207 /* UIButton+Extension.swift in Sources */,
				65AE1DE6213257CE00ABA207 /* String+Extension.swift in Sources */,
				65D7C41F213D327C00FB0995 /* UserInfoManager.swift in Sources */,
				65AE1E1C213280A900ABA207 /* FGPLoginViewController.swift in Sources */,
				65490A45213941D6008D2371 /* QUPwdWindowDelegate.swift in Sources */,
				65AE1DE4213256B200ABA207 /* FGPMineViewController.swift in Sources */,
				65AE1E4F21329EBD00ABA207 /* FGPDevice.swift in Sources */,
				FAB41CCD2238D37A0015FE34 /* KJFPSLabel.swift in Sources */,
				65AE1E232132895800ABA207 /* FGPMineProfile.swift in Sources */,
				65AE1E3C2132946800ABA207 /* MagicContentView.swift in Sources */,
				350D88B221340F9C008CD38B /* CommitView.swift in Sources */,
				65AE1E29213291AF00ABA207 /* MagiHelper.swift in Sources */,
				65AE1E392132946800ABA207 /* SegmentView.swift in Sources */,
				65AE1E5C2133C4D700ABA207 /* BaseBarButton.swift in Sources */,
				3593E1E32134F1D3008240C5 /* CommitViewItem.swift in Sources */,
				65AE1DE02132569200ABA207 /* FGPMessageViewController.swift in Sources */,
				65AE1DB92132535B00ABA207 /* AppDelegate.swift in Sources */,
				35EF54BB2189A11C00F65EC2 /* ResourceModel.swift in Sources */,
				65AE1E3D2132946800ABA207 /* MagiDataCache.swift in Sources */,
				65AE1DED2132598100ABA207 /* BaseNavigationController.swift in Sources */,
				6521DC752135374500D5EAA4 /* QUButton.swift in Sources */,
				65AE1E3E2132946800ABA207 /* MagiCycleView.swift in Sources */,
				6521DC772136499700D5EAA4 /* FGPMyInfoViewController.swift in Sources */,
				3543F7B12133913000B9B962 /* FGPConmunityCell.swift in Sources */,
				FAC9507221399831005DD27B /* UserBestView.swift in Sources */,
				65AE1E3B2132946800ABA207 /* MagicPageView.swift in Sources */,
				65AE1E3A2132946800ABA207 /* SegmentStyle.swift in Sources */,
				350D88B52134D776008CD38B /* MagiNotice.swift in Sources */,
				65D7C421213D336800FB0995 /* UserInfoModel.swift in Sources */,
				65AE1E28213291AF00ABA207 /* MagiRegexHelper.swift in Sources */,
				65AE1E2E213292DC00ABA207 /* FGPMineDefine.swift in Sources */,
				3509B6C021819E5C00ABEE88 /* FGPPublishViewController.swift in Sources */,
				049791E321870D2D00163DDA /* FGPHeartHomeModel.swift in Sources */,
				65AE1DE2213256A300ABA207 /* FGPConmunityViewController.swift in Sources */,
				65AE1E4621329DB100ABA207 /* UIView+Extension.swift in Sources */,
				049791E421870D2D00163DDA /* FGPHeartHomeView.swift in Sources */,
				65AE1E4421329DB100ABA207 /* Color+Extension.swift in Sources */,
			);
			runOnlyForDeploymentPostprocessing = 0;
		};
/* End PBXSourcesBuildPhase section */

/* Begin PBXVariantGroup section */
		65AE1E4821329E0100ABA207 /* LaunchScreen.storyboard */ = {
			isa = PBXVariantGroup;
			children = (
				65AE1E4921329E0100ABA207 /* Base */,
			);
			name = LaunchScreen.storyboard;
			sourceTree = "<group>";
		};
		65AE1E4A21329E0100ABA207 /* Main.storyboard */ = {
			isa = PBXVariantGroup;
			children = (
				65AE1E4B21329E0100ABA207 /* Base */,
			);
			name = Main.storyboard;
			sourceTree = "<group>";
		};
/* End PBXVariantGroup section */

/* Begin XCBuildConfiguration section */
		65AE1DC52132535C00ABA207 /* Debug */ = {
			isa = XCBuildConfiguration;
			buildSettings = {
				ALWAYS_SEARCH_USER_PATHS = NO;
				CLANG_ANALYZER_NONNULL = YES;
				CLANG_ANALYZER_NUMBER_OBJECT_CONVERSION = YES_AGGRESSIVE;
				CLANG_CXX_LANGUAGE_STANDARD = "gnu++14";
				CLANG_CXX_LIBRARY = "libc++";
				CLANG_ENABLE_MODULES = YES;
				CLANG_ENABLE_OBJC_ARC = YES;
				CLANG_ENABLE_OBJC_WEAK = YES;
				CLANG_WARN_BLOCK_CAPTURE_AUTORELEASING = YES;
				CLANG_WARN_BOOL_CONVERSION = YES;
				CLANG_WARN_COMMA = YES;
				CLANG_WARN_CONSTANT_CONVERSION = YES;
				CLANG_WARN_DEPRECATED_OBJC_IMPLEMENTATIONS = YES;
				CLANG_WARN_DIRECT_OBJC_ISA_USAGE = YES_ERROR;
				CLANG_WARN_DOCUMENTATION_COMMENTS = YES;
				CLANG_WARN_EMPTY_BODY = YES;
				CLANG_WARN_ENUM_CONVERSION = YES;
				CLANG_WARN_INFINITE_RECURSION = YES;
				CLANG_WARN_INT_CONVERSION = YES;
				CLANG_WARN_NON_LITERAL_NULL_CONVERSION = YES;
				CLANG_WARN_OBJC_IMPLICIT_RETAIN_SELF = YES;
				CLANG_WARN_OBJC_LITERAL_CONVERSION = YES;
				CLANG_WARN_OBJC_ROOT_CLASS = YES_ERROR;
				CLANG_WARN_RANGE_LOOP_ANALYSIS = YES;
				CLANG_WARN_STRICT_PROTOTYPES = YES;
				CLANG_WARN_SUSPICIOUS_MOVE = YES;
				CLANG_WARN_UNGUARDED_AVAILABILITY = YES_AGGRESSIVE;
				CLANG_WARN_UNREACHABLE_CODE = YES;
				CLANG_WARN__DUPLICATE_METHOD_MATCH = YES;
				CODE_SIGN_IDENTITY = "iPhone Developer";
				COPY_PHASE_STRIP = NO;
				DEBUG_INFORMATION_FORMAT = dwarf;
				ENABLE_STRICT_OBJC_MSGSEND = YES;
				ENABLE_TESTABILITY = YES;
				GCC_C_LANGUAGE_STANDARD = gnu11;
				GCC_DYNAMIC_NO_PIC = NO;
				GCC_NO_COMMON_BLOCKS = YES;
				GCC_OPTIMIZATION_LEVEL = 0;
				GCC_PREPROCESSOR_DEFINITIONS = (
					"DEBUG=1",
					"$(inherited)",
				);
				GCC_WARN_64_TO_32_BIT_CONVERSION = YES;
				GCC_WARN_ABOUT_RETURN_TYPE = YES_ERROR;
				GCC_WARN_UNDECLARED_SELECTOR = YES;
				GCC_WARN_UNINITIALIZED_AUTOS = YES_AGGRESSIVE;
				GCC_WARN_UNUSED_FUNCTION = YES;
				GCC_WARN_UNUSED_VARIABLE = YES;
				INFOPLIST_FILE = "";
				IPHONEOS_DEPLOYMENT_TARGET = 11.4;
				MTL_ENABLE_DEBUG_INFO = YES;
				ONLY_ACTIVE_ARCH = YES;
				SDKROOT = iphoneos;
				SWIFT_ACTIVE_COMPILATION_CONDITIONS = DEBUG;
				SWIFT_OPTIMIZATION_LEVEL = "-Onone";
			};
			name = Debug;
		};
		65AE1DC62132535C00ABA207 /* Release */ = {
			isa = XCBuildConfiguration;
			buildSettings = {
				ALWAYS_SEARCH_USER_PATHS = NO;
				CLANG_ANALYZER_NONNULL = YES;
				CLANG_ANALYZER_NUMBER_OBJECT_CONVERSION = YES_AGGRESSIVE;
				CLANG_CXX_LANGUAGE_STANDARD = "gnu++14";
				CLANG_CXX_LIBRARY = "libc++";
				CLANG_ENABLE_MODULES = YES;
				CLANG_ENABLE_OBJC_ARC = YES;
				CLANG_ENABLE_OBJC_WEAK = YES;
				CLANG_WARN_BLOCK_CAPTURE_AUTORELEASING = YES;
				CLANG_WARN_BOOL_CONVERSION = YES;
				CLANG_WARN_COMMA = YES;
				CLANG_WARN_CONSTANT_CONVERSION = YES;
				CLANG_WARN_DEPRECATED_OBJC_IMPLEMENTATIONS = YES;
				CLANG_WARN_DIRECT_OBJC_ISA_USAGE = YES_ERROR;
				CLANG_WARN_DOCUMENTATION_COMMENTS = YES;
				CLANG_WARN_EMPTY_BODY = YES;
				CLANG_WARN_ENUM_CONVERSION = YES;
				CLANG_WARN_INFINITE_RECURSION = YES;
				CLANG_WARN_INT_CONVERSION = YES;
				CLANG_WARN_NON_LITERAL_NULL_CONVERSION = YES;
				CLANG_WARN_OBJC_IMPLICIT_RETAIN_SELF = YES;
				CLANG_WARN_OBJC_LITERAL_CONVERSION = YES;
				CLANG_WARN_OBJC_ROOT_CLASS = YES_ERROR;
				CLANG_WARN_RANGE_LOOP_ANALYSIS = YES;
				CLANG_WARN_STRICT_PROTOTYPES = YES;
				CLANG_WARN_SUSPICIOUS_MOVE = YES;
				CLANG_WARN_UNGUARDED_AVAILABILITY = YES_AGGRESSIVE;
				CLANG_WARN_UNREACHABLE_CODE = YES;
				CLANG_WARN__DUPLICATE_METHOD_MATCH = YES;
				CODE_SIGN_IDENTITY = "iPhone Developer";
				COPY_PHASE_STRIP = NO;
				DEBUG_INFORMATION_FORMAT = "dwarf-with-dsym";
				ENABLE_NS_ASSERTIONS = NO;
				ENABLE_STRICT_OBJC_MSGSEND = YES;
				GCC_C_LANGUAGE_STANDARD = gnu11;
				GCC_NO_COMMON_BLOCKS = YES;
				GCC_WARN_64_TO_32_BIT_CONVERSION = YES;
				GCC_WARN_ABOUT_RETURN_TYPE = YES_ERROR;
				GCC_WARN_UNDECLARED_SELECTOR = YES;
				GCC_WARN_UNINITIALIZED_AUTOS = YES_AGGRESSIVE;
				GCC_WARN_UNUSED_FUNCTION = YES;
				GCC_WARN_UNUSED_VARIABLE = YES;
				INFOPLIST_FILE = "";
				IPHONEOS_DEPLOYMENT_TARGET = 11.4;
				MTL_ENABLE_DEBUG_INFO = NO;
				SDKROOT = iphoneos;
				SWIFT_COMPILATION_MODE = wholemodule;
				SWIFT_OPTIMIZATION_LEVEL = "-O";
				VALIDATE_PRODUCT = YES;
			};
			name = Release;
		};
		65AE1DC82132535C00ABA207 /* Debug */ = {
			isa = XCBuildConfiguration;
			baseConfigurationReference = 033C8B090495FB9656B83331 /* Pods-FGP.debug.xcconfig */;
			buildSettings = {
				ASSETCATALOG_COMPILER_APPICON_NAME = AppIcon;
				CODE_SIGN_STYLE = Automatic;
				DEVELOPMENT_TEAM = TDBLA72SEX;
				GCC_PREFIX_HEADER = "$(SRCROOT)/$(PRODUCT_NAME)/FindGroupProject.pch";
				INFOPLIST_FILE = FGP/SupportingFiles/Info.plist;
				IPHONEOS_DEPLOYMENT_TARGET = 9.0;
				LD_RUNPATH_SEARCH_PATHS = (
					"$(inherited)",
					"@executable_path/Frameworks",
				);
				PRODUCT_BUNDLE_IDENTIFIER = com.chengyue.FGP;
				PRODUCT_NAME = "$(TARGET_NAME)";
				SWIFT_OBJC_BRIDGING_HEADER = "$(SRCROOT)/$(PRODUCT_NAME)/FGP-Bridging-Header.h";
				SWIFT_VERSION = 4.2;
				TARGETED_DEVICE_FAMILY = 1;
			};
			name = Debug;
		};
		65AE1DC92132535C00ABA207 /* Release */ = {
			isa = XCBuildConfiguration;
			baseConfigurationReference = 57E76184C96B675E1D1B3CC1 /* Pods-FGP.release.xcconfig */;
			buildSettings = {
				ASSETCATALOG_COMPILER_APPICON_NAME = AppIcon;
				CODE_SIGN_STYLE = Automatic;
				DEVELOPMENT_TEAM = TDBLA72SEX;
				GCC_PREFIX_HEADER = "$(SRCROOT)/$(PRODUCT_NAME)/FindGroupProject.pch";
				INFOPLIST_FILE = FGP/SupportingFiles/Info.plist;
				IPHONEOS_DEPLOYMENT_TARGET = 9.0;
				LD_RUNPATH_SEARCH_PATHS = (
					"$(inherited)",
					"@executable_path/Frameworks",
				);
				PRODUCT_BUNDLE_IDENTIFIER = com.chengyue.FGP;
				PRODUCT_NAME = "$(TARGET_NAME)";
				SWIFT_OBJC_BRIDGING_HEADER = "$(SRCROOT)/$(PRODUCT_NAME)/FGP-Bridging-Header.h";
				SWIFT_VERSION = 4.2;
				TARGETED_DEVICE_FAMILY = 1;
			};
			name = Release;
		};
/* End XCBuildConfiguration section */

/* Begin XCConfigurationList section */
		65AE1DB02132535B00ABA207 /* Build configuration list for PBXProject "FGP" */ = {
			isa = XCConfigurationList;
			buildConfigurations = (
				65AE1DC52132535C00ABA207 /* Debug */,
				65AE1DC62132535C00ABA207 /* Release */,
			);
			defaultConfigurationIsVisible = 0;
			defaultConfigurationName = Release;
		};
		65AE1DC72132535C00ABA207 /* Build configuration list for PBXNativeTarget "FGP" */ = {
			isa = XCConfigurationList;
			buildConfigurations = (
				65AE1DC82132535C00ABA207 /* Debug */,
				65AE1DC92132535C00ABA207 /* Release */,
			);
			defaultConfigurationIsVisible = 0;
			defaultConfigurationName = Release;
		};
/* End XCConfigurationList section */
	};
	rootObject = 65AE1DAD2132535B00ABA207 /* Project object */;
}
